
Microsoft Visual Studio Solution File, Format Version 12.00
# Visual Studio 15
VisualStudioVersion = 15.0.26730.3
MinimumVisualStudioVersion = 10.0.40219.1
Project("{FAE04EC0-301F-11D3-BF4B-00C04F79EFBC}") = "BenchmarkOfNetFramework", "BenchmarkOfNetFramework.csproj", "{9536282C-C4CC-4FB1-9C65-563F5D47BC81}"
EndProject
Global
	GlobalSection(SolutionConfigurationPlatforms) = preSolution
		Debug|Any CPU = Debug|Any CPU
		Release|Any CPU = Release|Any CPU
	EndGlobalSection
	GlobalSection(ProjectConfigurationPlatforms) = postSolution
		{9536282C-C4CC-4FB1-9C65-563F5D47BC81}.Debug|Any CPU.ActiveCfg = Debug|Any CPU
		{9536282C-C4CC-4FB1-9C65-563F5D47BC81}.Debug|Any CPU.Build.0 = Debug|Any CPU
		{9536282C-C4CC-4FB1-9C65-563F5D47BC81}.Release|Any CPU.ActiveCfg = Release|Any CPU
		{9536282C-C4CC-4FB1-9C65-563F5D47BC81}.Release|Any CPU.Build.0 = Release|Any CPU
	EndGlobalSection
	GlobalSection(SolutionProperties) = preSolution
		HideSolutionNode = FALSE
	EndGlobalSection
	GlobalSection(ExtensibilityGlobals) = postSolution
		SolutionGuid = {77BD7782-CA61-4102-9D84-3916CF41AA24}
	EndGlobalSection
EndGlobal
